
Microsoft Visual Studio Solution File, Format Version 12.00
# Visual Studio Version 17
VisualStudioVersion = 17.3.32901.215
MinimumVisualStudioVersion = 10.0.40219.1
Project("{9A19103F-16F7-4668-BE54-9A1E7A4F7556}") = "task1", "task1\task1.csproj", "{BA12C174-0545-4FE2-9C4F-AF1D6F496696}"
EndProject
Project("{9A19103F-16F7-4668-BE54-9A1E7A4F7556}") = "task2", "task2\task2.csproj", "{17E42B30-2412-4EDF-98C0-3868EC9DD5BD}"
EndProject
Project("{9A19103F-16F7-4668-BE54-9A1E7A4F7556}") = "task3", "task3\task3.csproj", "{F9B33A29-376B-4F46-8EF1-9512FD45AE76}"
EndProject
Project("{9A19103F-16F7-4668-BE54-9A1E7A4F7556}") = "task4", "task4\task4.csproj", "{C1CF88AE-8C53-4BA5-94BD-1399016D2941}"
EndProject
Project("{FAE04EC0-301F-11D3-BF4B-00C04F79EFBC}") = "task5", "task5\task5.csproj", "{396ABDFB-661A-4131-BE51-84C97AEA00FE}"
EndProject
Global
	GlobalSection(SolutionConfigurationPlatforms) = preSolution
		Debug|Any CPU = Debug|Any CPU
		Release|Any CPU = Release|Any CPU
	EndGlobalSection
	GlobalSection(ProjectConfigurationPlatforms) = postSolution
		{BA12C174-0545-4FE2-9C4F-AF1D6F496696}.Debug|Any CPU.ActiveCfg = Debug|Any CPU
		{BA12C174-0545-4FE2-9C4F-AF1D6F496696}.Debug|Any CPU.Build.0 = Debug|Any CPU
		{BA12C174-0545-4FE2-9C4F-AF1D6F496696}.Release|Any CPU.ActiveCfg = Release|Any CPU
		{BA12C174-0545-4FE2-9C4F-AF1D6F496696}.Release|Any CPU.Build.0 = Release|Any CPU
		{17E42B30-2412-4EDF-98C0-3868EC9DD5BD}.Debug|Any CPU.ActiveCfg = Debug|Any CPU
		{17E42B30-2412-4EDF-98C0-3868EC9DD5BD}.Debug|Any CPU.Build.0 = Debug|Any CPU
		{17E42B30-2412-4EDF-98C0-3868EC9DD5BD}.Release|Any CPU.ActiveCfg = Release|Any CPU
		{17E42B30-2412-4EDF-98C0-3868EC9DD5BD}.Release|Any CPU.Build.0 = Release|Any CPU
		{F9B33A29-376B-4F46-8EF1-9512FD45AE76}.Debug|Any CPU.ActiveCfg = Debug|Any CPU
		{F9B33A29-376B-4F46-8EF1-9512FD45AE76}.Debug|Any CPU.Build.0 = Debug|Any CPU
		{F9B33A29-376B-4F46-8EF1-9512FD45AE76}.Release|Any CPU.ActiveCfg = Release|Any CPU
		{F9B33A29-376B-4F46-8EF1-9512FD45AE76}.Release|Any CPU.Build.0 = Release|Any CPU
		{C1CF88AE-8C53-4BA5-94BD-1399016D2941}.Debug|Any CPU.ActiveCfg = Debug|Any CPU
		{C1CF88AE-8C53-4BA5-94BD-1399016D2941}.Debug|Any CPU.Build.0 = Debug|Any CPU
		{C1CF88AE-8C53-4BA5-94BD-1399016D2941}.Release|Any CPU.ActiveCfg = Release|Any CPU
		{C1CF88AE-8C53-4BA5-94BD-1399016D2941}.Release|Any CPU.Build.0 = Release|Any CPU
		{396ABDFB-661A-4131-BE51-84C97AEA00FE}.Debug|Any CPU.ActiveCfg = Debug|Any CPU
		{396ABDFB-661A-4131-BE51-84C97AEA00FE}.Debug|Any CPU.Build.0 = Debug|Any CPU
		{396ABDFB-661A-4131-BE51-84C97AEA00FE}.Release|Any CPU.ActiveCfg = Release|Any CPU
		{396ABDFB-661A-4131-BE51-84C97AEA00FE}.Release|Any CPU.Build.0 = Release|Any CPU
	EndGlobalSection
	GlobalSection(SolutionProperties) = preSolution
		HideSolutionNode = FALSE
	EndGlobalSection
	GlobalSection(ExtensibilityGlobals) = postSolution
		SolutionGuid = {D447337A-EA73-4F57-A385-96C1735A8731}
	EndGlobalSection
EndGlobal
